
Microsoft Visual Studio Solution File, Format Version 12.00
# Visual Studio Version 17
VisualStudioVersion = 17.8.34330.188
MinimumVisualStudioVersion = 10.0.40219.1
Project("{2150E333-8FDC-42A3-9474-1A3956D46DE8}") = "Test", "Test", "{D46B0133-39CC-4EE4-B709-7A4804D8055B}"
EndProject
Project("{2150E333-8FDC-42A3-9474-1A3956D46DE8}") = "Domain", "Domain", "{54AD66E6-F0D1-4B8D-863A-115CE915017B}"
EndProject
Project("{2150E333-8FDC-42A3-9474-1A3956D46DE8}") = "Infrastructure", "Infrastructure", "{CBED621C-6697-418D-BF22-06333F0F862F}"
EndProject
Project("{2150E333-8FDC-42A3-9474-1A3956D46DE8}") = "Application", "Application", "{9FF86D16-0FAE-4A93-8E9A-D53799881FB2}"
EndProject
Project("{2150E333-8FDC-42A3-9474-1A3956D46DE8}") = "Presentation", "Presentation", "{30974CEB-D989-4FC7-AE74-E842448364CF}"
EndProject
Project("{FAE04EC0-301F-11D3-BF4B-00C04F79EFBC}") = "Domain", "Domain\Domain.csproj", "{997D3386-5E0D-46CC-AA21-3E217E1103AE}"
EndProject
Project("{FAE04EC0-301F-11D3-BF4B-00C04F79EFBC}") = "Application", "Application\Application.csproj", "{E2101DC4-6CFF-442B-900C-E20C74E88096}"
EndProject
Project("{FAE04EC0-301F-11D3-BF4B-00C04F79EFBC}") = "Infrastructure", "Infrastructure\Infrastructure.csproj", "{0CC68B62-CF33-4312-B6B1-2C9AB20EF663}"
EndProject
Project("{FAE04EC0-301F-11D3-BF4B-00C04F79EFBC}") = "API", "API\API.csproj", "{CC814EB6-A904-403E-B2AD-5A796AD85F31}"
EndProject
Global
	GlobalSection(SolutionConfigurationPlatforms) = preSolution
		Debug|Any CPU = Debug|Any CPU
		Release|Any CPU = Release|Any CPU
	EndGlobalSection
	GlobalSection(ProjectConfigurationPlatforms) = postSolution
		{997D3386-5E0D-46CC-AA21-3E217E1103AE}.Debug|Any CPU.ActiveCfg = Debug|Any CPU
		{997D3386-5E0D-46CC-AA21-3E217E1103AE}.Debug|Any CPU.Build.0 = Debug|Any CPU
		{997D3386-5E0D-46CC-AA21-3E217E1103AE}.Release|Any CPU.ActiveCfg = Release|Any CPU
		{997D3386-5E0D-46CC-AA21-3E217E1103AE}.Release|Any CPU.Build.0 = Release|Any CPU
		{E2101DC4-6CFF-442B-900C-E20C74E88096}.Debug|Any CPU.ActiveCfg = Debug|Any CPU
		{E2101DC4-6CFF-442B-900C-E20C74E88096}.Debug|Any CPU.Build.0 = Debug|Any CPU
		{E2101DC4-6CFF-442B-900C-E20C74E88096}.Release|Any CPU.ActiveCfg = Release|Any CPU
		{E2101DC4-6CFF-442B-900C-E20C74E88096}.Release|Any CPU.Build.0 = Release|Any CPU
		{0CC68B62-CF33-4312-B6B1-2C9AB20EF663}.Debug|Any CPU.ActiveCfg = Debug|Any CPU
		{0CC68B62-CF33-4312-B6B1-2C9AB20EF663}.Debug|Any CPU.Build.0 = Debug|Any CPU
		{0CC68B62-CF33-4312-B6B1-2C9AB20EF663}.Release|Any CPU.ActiveCfg = Release|Any CPU
		{0CC68B62-CF33-4312-B6B1-2C9AB20EF663}.Release|Any CPU.Build.0 = Release|Any CPU
		{CC814EB6-A904-403E-B2AD-5A796AD85F31}.Debug|Any CPU.ActiveCfg = Debug|Any CPU
		{CC814EB6-A904-403E-B2AD-5A796AD85F31}.Debug|Any CPU.Build.0 = Debug|Any CPU
		{CC814EB6-A904-403E-B2AD-5A796AD85F31}.Release|Any CPU.ActiveCfg = Release|Any CPU
		{CC814EB6-A904-403E-B2AD-5A796AD85F31}.Release|Any CPU.Build.0 = Release|Any CPU
	EndGlobalSection
	GlobalSection(SolutionProperties) = preSolution
		HideSolutionNode = FALSE
	EndGlobalSection
	GlobalSection(NestedProjects) = preSolution
		{997D3386-5E0D-46CC-AA21-3E217E1103AE} = {54AD66E6-F0D1-4B8D-863A-115CE915017B}
		{E2101DC4-6CFF-442B-900C-E20C74E88096} = {9FF86D16-0FAE-4A93-8E9A-D53799881FB2}
		{0CC68B62-CF33-4312-B6B1-2C9AB20EF663} = {CBED621C-6697-418D-BF22-06333F0F862F}
		{CC814EB6-A904-403E-B2AD-5A796AD85F31} = {30974CEB-D989-4FC7-AE74-E842448364CF}
	EndGlobalSection
	GlobalSection(ExtensibilityGlobals) = postSolution
		SolutionGuid = {6ACC71CE-F787-454E-AAE9-109D20ACE0C9}
	EndGlobalSection
EndGlobal
